
Microsoft Visual Studio Solution File, Format Version 12.00
# Visual Studio Version 16
VisualStudioVersion = 16.0.28922.388
MinimumVisualStudioVersion = 10.0.40219.1
Project("{FAE04EC0-301F-11D3-BF4B-00C04F79EFBC}") = "ADTest", "ADTest\ADTest.csproj", "{5B0C8FFC-0A08-4991-BCC1-0CCB7A5DD5D8}"
EndProject
Global
	GlobalSection(SolutionConfigurationPlatforms) = preSolution
		Debug|Any CPU = Debug|Any CPU
		Release|Any CPU = Release|Any CPU
	EndGlobalSection
	GlobalSection(ProjectConfigurationPlatforms) = postSolution
		{5B0C8FFC-0A08-4991-BCC1-0CCB7A5DD5D8}.Debug|Any CPU.ActiveCfg = Debug|Any CPU
		{5B0C8FFC-0A08-4991-BCC1-0CCB7A5DD5D8}.Debug|Any CPU.Build.0 = Debug|Any CPU
		{5B0C8FFC-0A08-4991-BCC1-0CCB7A5DD5D8}.Release|Any CPU.ActiveCfg = Release|Any CPU
		{5B0C8FFC-0A08-4991-BCC1-0CCB7A5DD5D8}.Release|Any CPU.Build.0 = Release|Any CPU
	EndGlobalSection
	GlobalSection(SolutionProperties) = preSolution
		HideSolutionNode = FALSE
	EndGlobalSection
	GlobalSection(ExtensibilityGlobals) = postSolution
		SolutionGuid = {67FBE67B-3F19-440A-8783-E4C9E973BD7C}
	EndGlobalSection
EndGlobal
